{
  "nodes": {
    "nixpkgs": {
      "locked": {
        "lastModified": 1773734432,
        "narHash": "sha256-IF5ppUWh6gHGHYDbtVUyhwy/i7D261P7fWD1bPefOsw=",
        "owner": "nixos",
        "repo": "nixpkgs",
        "rev": "cda48547b432e8d3b18b4180ba07473762ec8558",
        "type": "github"
      },
      "original": {
        "owner": "nixos",
        "ref": "nixos-unstable",
        "repo": "nixpkgs",
        "type": "github"
      }
    },
    "root": {
      "inputs": {
        "nixpkgs": "nixpkgs",
        "shiggy": "shiggy"
      }
    },
    "shiggy": {
      "flake": false,
      "locked": {
        "lastModified": 1773545684,
        "narHash": "sha256-NI2qw4nROLciRgVZW1CM68vLQbeLmQeqdZ/QxufL6d4=",
        "owner": "4jcraft",
        "repo": "shiggy",
        "rev": "7adc6c47882409c31e4f2d66fbfabdf4a3a98fd1",
        "type": "github"
      },
      "original": {
        "owner": "4jcraft",
        "ref": "main",
        "repo": "shiggy",
        "type": "github"
      }
    }
  },
  "root": "root",
  "version": 7
}
